
Microsoft Visual Studio Solution File, Format Version 12.00
# Visual Studio 15
Project("{FAE04EC0-301F-11D3-BF4B-00C04F79EFBC}") = "Assembly-CSharp", "Assembly-CSharp.csproj", "{EB57C4E6-8AC6-5CBE-7485-034ACC95CF8F}"
EndProject
Global
	GlobalSection(SolutionConfigurationPlatforms) = preSolution
		Debug|Any CPU = Debug|Any CPU
		Release|Any CPU = Release|Any CPU
	EndGlobalSection
	GlobalSection(ProjectConfigurationPlatforms) = postSolution
		{EB57C4E6-8AC6-5CBE-7485-034ACC95CF8F}.Debug|Any CPU.ActiveCfg = Debug|Any CPU
		{EB57C4E6-8AC6-5CBE-7485-034ACC95CF8F}.Debug|Any CPU.Build.0 = Debug|Any CPU
		{EB57C4E6-8AC6-5CBE-7485-034ACC95CF8F}.Release|Any CPU.ActiveCfg = Release|Any CPU
		{EB57C4E6-8AC6-5CBE-7485-034ACC95CF8F}.Release|Any CPU.Build.0 = Release|Any CPU
	EndGlobalSection
	GlobalSection(SolutionProperties) = preSolution
		HideSolutionNode = FALSE
	EndGlobalSection
EndGlobal
